{
  "name": "cribble-agent",
  "version": "1.4.1",
  "lockfileVersion": 3,
  "requires": true,
  "packages": {
    "": {
      "name": "cribble-agent",
      "version": "1.4.1",
      "hasInstallScript": true,
      "license": "ISC",
      "dependencies": {
        "ccusage": "20.0.20",
        "proper-lockfile": "^4.1.2"
      },
      "bin": {
        "cribble": "index.js"
      },
      "engines": {
        "node": ">=18"
      }
    },
    "node_modules/@ccusage/ccusage-darwin-arm64": {
      "version": "20.0.20",
      "resolved": "https://registry.npmjs.org/@ccusage/ccusage-darwin-arm64/-/ccusage-darwin-arm64-20.0.20.tgz",
      "integrity": "sha512-TgvU1u9bjgBD+CuQqj55PNAl3LnrW9awCeXDkPS0acntTP72A4gdGjCBZ+LAmR8HECBlvD9lSDqWHhpCX9kZQw==",
      "cpu": [
        "arm64"
      ],
      "license": "MIT",
      "optional": true,
      "os": [
        "darwin"
      ]
    },
    "node_modules/@ccusage/ccusage-darwin-x64": {
      "version": "20.0.20",
      "resolved": "https://registry.npmjs.org/@ccusage/ccusage-darwin-x64/-/ccusage-darwin-x64-20.0.20.tgz",
      "integrity": "sha512-UkanWl+XRiC7rgTG7eZDy4xqleQOZ3xd8i6RBW77p2OhHheBpGznMkqS7/5rPT2JQ10cnkOKqjxFE09CLAmIrQ==",
      "cpu": [
        "x64"
      ],
      "license": "MIT",
      "optional": true,
      "os": [
        "darwin"
      ]
    },
    "node_modules/@ccusage/ccusage-linux-arm64": {
      "version": "20.0.20",
      "resolved": "https://registry.npmjs.org/@ccusage/ccusage-linux-arm64/-/ccusage-linux-arm64-20.0.20.tgz",
      "integrity": "sha512-iiURX4sqr3S7jrDJW6P6F0QtP6lx7lkhqqxBQXzaL/66xjhUkCDHKzRglixPuSBxkNaKGL6RAtKGk/ubFGvdBg==",
      "cpu": [
        "arm64"
      ],
      "license": "MIT",
      "optional": true,
      "os": [
        "linux"
      ]
    },
    "node_modules/@ccusage/ccusage-linux-x64": {
      "version": "20.0.20",
      "resolved": "https://registry.npmjs.org/@ccusage/ccusage-linux-x64/-/ccusage-linux-x64-20.0.20.tgz",
      "integrity": "sha512-qG5LcyerzKJVPu3hTRHYaWo6VtKB9uyGbRdviw4imInIWRQdPcrEAIb22oCO7iWEfAEv5ZYmTjYWJLX+dR5HXg==",
      "cpu": [
        "x64"
      ],
      "license": "MIT",
      "optional": true,
      "os": [
        "linux"
      ]
    },
    "node_modules/@ccusage/ccusage-win32-arm64": {
      "version": "20.0.20",
      "resolved": "https://registry.npmjs.org/@ccusage/ccusage-win32-arm64/-/ccusage-win32-arm64-20.0.20.tgz",
      "integrity": "sha512-BUXxVGbZ6WtA8RGqjukzkKFmS2x2cjMTV1kU5weZ4+K/uPHIHJjDIDnSKJtNAllwpwlPKpC+k3UdhkapeVM10w==",
      "cpu": [
        "arm64"
      ],
      "license": "MIT",
      "optional": true,
      "os": [
        "win32"
      ]
    },
    "node_modules/@ccusage/ccusage-win32-x64": {
      "version": "20.0.20",
      "resolved": "https://registry.npmjs.org/@ccusage/ccusage-win32-x64/-/ccusage-win32-x64-20.0.20.tgz",
      "integrity": "sha512-6R9cdLuRy529ewdkKbwtjx7boCQNFK8KG1F6d5G/pw2ApKRmucWcwjFo/7sNULQtZMyUxhYa40tUnWy9L/yTMA==",
      "cpu": [
        "x64"
      ],
      "license": "MIT",
      "optional": true,
      "os": [
        "win32"
      ]
    },
    "node_modules/ccusage": {
      "version": "20.0.20",
      "resolved": "https://registry.npmjs.org/ccusage/-/ccusage-20.0.20.tgz",
      "integrity": "sha512-xctCxhwK4Nqo1i3zSa1+JM3wN/oSdPSglzgxIWZyk9KLsLyQQMfntG3NJHoRH3DJHzkvG1EzVwH/xSI2z6VH3Q==",
      "license": "MIT",
      "bin": {
        "ccusage": "src/cli.js"
      },
      "funding": {
        "url": "https://github.com/sponsors/ryoppippi"
      },
      "optionalDependencies": {
        "@ccusage/ccusage-darwin-arm64": "20.0.20",
        "@ccusage/ccusage-darwin-x64": "20.0.20",
        "@ccusage/ccusage-linux-arm64": "20.0.20",
        "@ccusage/ccusage-linux-x64": "20.0.20",
        "@ccusage/ccusage-win32-arm64": "20.0.20",
        "@ccusage/ccusage-win32-x64": "20.0.20"
      }
    },
    "node_modules/graceful-fs": {
      "version": "4.2.11",
      "resolved": "https://registry.npmjs.org/graceful-fs/-/graceful-fs-4.2.11.tgz",
      "integrity": "sha512-RbJ5/jmFcNNCcDV5o9eTnBLJ/HszWV0P73bc+Ff4nS/rJj+YaS6IGyiOL0VoBYX+l1Wrl3k63h/KrH+nhJ0XvQ==",
      "license": "ISC"
    },
    "node_modules/proper-lockfile": {
      "version": "4.1.2",
      "resolved": "https://registry.npmjs.org/proper-lockfile/-/proper-lockfile-4.1.2.tgz",
      "integrity": "sha512-TjNPblN4BwAWMXU8s9AEz4JmQxnD1NNL7bNOY/AKUzyamc379FWASUhc/K1pL2noVb+XmZKLL68cjzLsiOAMaA==",
      "license": "MIT",
      "dependencies": {
        "graceful-fs": "^4.2.4",
        "retry": "^0.12.0",
        "signal-exit": "^3.0.2"
      }
    },
    "node_modules/retry": {
      "version": "0.12.0",
      "resolved": "https://registry.npmjs.org/retry/-/retry-0.12.0.tgz",
      "integrity": "sha512-9LkiTwjUh6rT555DtE9rTX+BKByPfrMzEAtnlEtdEwr3Nkffwiihqe2bWADg+OQRjt9gl6ICdmB/ZFDCGAtSow==",
      "license": "MIT",
      "engines": {
        "node": ">= 4"
      }
    },
    "node_modules/signal-exit": {
      "version": "3.0.7",
      "resolved": "https://registry.npmjs.org/signal-exit/-/signal-exit-3.0.7.tgz",
      "integrity": "sha512-wnD2ZE+l+SPC/uoS0vXeE9L1+0wuaMqKlfz9AMUo38JsyLSBWSFcHR1Rri62LZc12vLr1gb3jl7iwQhgwpAbGQ==",
      "license": "ISC"
    }
  }
}
